// !$*UTF8*$!
{
	archiveVersion = 1;
	classes = {
	};
	objectVersion = 56;
	objects = {

/* Begin PBXBuildFile section */
		43235DAC29FF91E10047F14F /* HomeStoryboard.storyboard in Resources */ = {isa = PBXBuildFile; fileRef = 43235DAB29FF91E10047F14F /* HomeStoryboard.storyboard */; };
		43235DAE29FF97930047F14F /* HomeViewController.swift in Sources */ = {isa = PBXBuildFile; fileRef = 43235DAD29FF97930047F14F /* HomeViewController.swift */; };
		43235DB029FFB56F0047F14F /* EndStoryboard.storyboard in Resources */ = {isa = PBXBuildFile; fileRef = 43235DAF29FFB56F0047F14F /* EndStoryboard.storyboard */; };
		43235DB229FFB5D60047F14F /* EndViewController.swift in Sources */ = {isa = PBXBuildFile; fileRef = 43235DB129FFB5D60047F14F /* EndViewController.swift */; };
		F096BE6C29896F7700FEA46C /* AppDelegate.swift in Sources */ = {isa = PBXBuildFile; fileRef = F096BE6B29896F7700FEA46C /* AppDelegate.swift */; };
		F096BE6E29896F7700FEA46C /* SceneDelegate.swift in Sources */ = {isa = PBXBuildFile; fileRef = F096BE6D29896F7700FEA46C /* SceneDelegate.swift */; };
		F096BE7329896F7700FEA46C /* Main.storyboard in Resources */ = {isa = PBXBuildFile; fileRef = F096BE7129896F7700FEA46C /* Main.storyboard */; };
		F096BE7529896F7900FEA46C /* Assets.xcassets in Resources */ = {isa = PBXBuildFile; fileRef = F096BE7429896F7900FEA46C /* Assets.xcassets */; };
		F096BE7829896F7900FEA46C /* LaunchScreen.storyboard in Resources */ = {isa = PBXBuildFile; fileRef = F096BE7629896F7900FEA46C /* LaunchScreen.storyboard */; };
		F096BE8029898EAA00FEA46C /* AppleViewController.swift in Sources */ = {isa = PBXBuildFile; fileRef = F096BE7F29898EAA00FEA46C /* AppleViewController.swift */; };
		F096BE822989960700FEA46C /* Game.swift in Sources */ = {isa = PBXBuildFile; fileRef = F096BE812989960700FEA46C /* Game.swift */; };
/* End PBXBuildFile section */

/* Begin PBXFileReference section */
		43235DAB29FF91E10047F14F /* HomeStoryboard.storyboard */ = {isa = PBXFileReference; lastKnownFileType = file.storyboard; path = HomeStoryboard.storyboard; sourceTree = "<group>"; };
		43235DAD29FF97930047F14F /* HomeViewController.swift */ = {isa = PBXFileReference; lastKnownFileType = sourcecode.swift; path = HomeViewController.swift; sourceTree = "<group>"; };
		43235DAF29FFB56F0047F14F /* EndStoryboard.storyboard */ = {isa = PBXFileReference; lastKnownFileType = file.storyboard; path = EndStoryboard.storyboard; sourceTree = "<group>"; };
		43235DB129FFB5D60047F14F /* EndViewController.swift */ = {isa = PBXFileReference; lastKnownFileType = sourcecode.swift; path = EndViewController.swift; sourceTree = "<group>"; };
		F096BE6829896F7700FEA46C /* ApplePie.app */ = {isa = PBXFileReference; explicitFileType = wrapper.application; includeInIndex = 0; path = ApplePie.app; sourceTree = BUILT_PRODUCTS_DIR; };
		F096BE6B29896F7700FEA46C /* AppDelegate.swift */ = {isa = PBXFileReference; lastKnownFileType = sourcecode.swift; path = AppDelegate.swift; sourceTree = "<group>"; };
		F096BE6D29896F7700FEA46C /* SceneDelegate.swift */ = {isa = PBXFileReference; lastKnownFileType = sourcecode.swift; path = SceneDelegate.swift; sourceTree = "<group>"; };
		F096BE7229896F7700FEA46C /* Base */ = {isa = PBXFileReference; lastKnownFileType = file.storyboard; name = Base; path = Base.lproj/Main.storyboard; sourceTree = "<group>"; };
		F096BE7429896F7900FEA46C /* Assets.xcassets */ = {isa = PBXFileReference; lastKnownFileType = folder.assetcatalog; path = Assets.xcassets; sourceTree = "<group>"; };
		F096BE7729896F7900FEA46C /* Base */ = {isa = PBXFileReference; lastKnownFileType = file.storyboard; name = Base; path = Base.lproj/LaunchScreen.storyboard; sourceTree = "<group>"; };
		F096BE7929896F7900FEA46C /* Info.plist */ = {isa = PBXFileReference; lastKnownFileType = text.plist.xml; path = Info.plist; sourceTree = "<group>"; };
		F096BE7F29898EAA00FEA46C /* AppleViewController.swift */ = {isa = PBXFileReference; lastKnownFileType = sourcecode.swift; path = AppleViewController.swift; sourceTree = "<group>"; };
		F096BE812989960700FEA46C /* Game.swift */ = {isa = PBXFileReference; lastKnownFileType = sourcecode.swift; path = Game.swift; sourceTree = "<group>"; };
/* End PBXFileReference section */

/* Begin PBXFrameworksBuildPhase section */
		F096BE6529896F7700FEA46C /* Frameworks */ = {
			isa = PBXFrameworksBuildPhase;
			buildActionMask = 2147483647;
			files = (
			);
			runOnlyForDeploymentPostprocessing = 0;
		};
/* End PBXFrameworksBuildPhase section */

/* Begin PBXGroup section */
		43235DB329FFC68E0047F14F /* End */ = {
			isa = PBXGroup;
			children = (
				43235DB129FFB5D60047F14F /* EndViewController.swift */,
				43235DAF29FFB56F0047F14F /* EndStoryboard.storyboard */,
			);
			path = End;
			sourceTree = "<group>";
		};
		43235DB429FFC6A40047F14F /* Home */ = {
			isa = PBXGroup;
			children = (
				43235DAD29FF97930047F14F /* HomeViewController.swift */,
				43235DAB29FF91E10047F14F /* HomeStoryboard.storyboard */,
			);
			path = Home;
			sourceTree = "<group>";
		};
		43235DB529FFC6B30047F14F /* Game */ = {
			isa = PBXGroup;
			children = (
				F096BE7F29898EAA00FEA46C /* AppleViewController.swift */,
				F096BE812989960700FEA46C /* Game.swift */,
				F096BE7129896F7700FEA46C /* Main.storyboard */,
			);
			path = Game;
			sourceTree = "<group>";
		};
		F096BE5F29896F7700FEA46C = {
			isa = PBXGroup;
			children = (
				F096BE6A29896F7700FEA46C /* ApplePie */,
				F096BE6929896F7700FEA46C /* Products */,
			);
			sourceTree = "<group>";
		};
		F096BE6929896F7700FEA46C /* Products */ = {
			isa = PBXGroup;
			children = (
				F096BE6829896F7700FEA46C /* ApplePie.app */,
			);
			name = Products;
			sourceTree = "<group>";
		};
		F096BE6A29896F7700FEA46C /* ApplePie */ = {
			isa = PBXGroup;
			children = (
				F096BE6B29896F7700FEA46C /* AppDelegate.swift */,
				F096BE6D29896F7700FEA46C /* SceneDelegate.swift */,
				43235DB329FFC68E0047F14F /* End */,
				43235DB429FFC6A40047F14F /* Home */,
				43235DB529FFC6B30047F14F /* Game */,
				F096BE7429896F7900FEA46C /* Assets.xcassets */,
				F096BE7629896F7900FEA46C /* LaunchScreen.storyboard */,
				F096BE7929896F7900FEA46C /* Info.plist */,
			);
			path = ApplePie;
			sourceTree = "<group>";
		};
/* End PBXGroup section */

/* Begin PBXNativeTarget section */
		F096BE6729896F7700FEA46C /* ApplePie */ = {
			isa = PBXNativeTarget;
			buildConfigurationList = F096BE7C29896F7900FEA46C /* Build configuration list for PBXNativeTarget "ApplePie" */;
			buildPhases = (
				F096BE6429896F7700FEA46C /* Sources */,
				F096BE6529896F7700FEA46C /* Frameworks */,
				F096BE6629896F7700FEA46C /* Resources */,
			);
			buildRules = (
			);
			dependencies = (
			);
			name = ApplePie;
			productName = ApplePie;
			productReference = F096BE6829896F7700FEA46C /* ApplePie.app */;
			productType = "com.apple.product-type.application";
		};
/* End PBXNativeTarget section */

/* Begin PBXProject section */
		F096BE6029896F7700FEA46C /* Project object */ = {
			isa = PBXProject;
			attributes = {
				BuildIndependentTargetsInParallel = 1;
				LastSwiftUpdateCheck = 1410;
				LastUpgradeCheck = 1410;
				TargetAttributes = {
					F096BE6729896F7700FEA46C = {
						CreatedOnToolsVersion = 14.1;
					};
				};
			};
			buildConfigurationList = F096BE6329896F7700FEA46C /* Build configuration list for PBXProject "ApplePie" */;
			compatibilityVersion = "Xcode 14.0";
			developmentRegion = en;
			hasScannedForEncodings = 0;
			knownRegions = (
				en,
				Base,
			);
			mainGroup = F096BE5F29896F7700FEA46C;
			productRefGroup = F096BE6929896F7700FEA46C /* Products */;
			projectDirPath = "";
			projectRoot = "";
			targets = (
				F096BE6729896F7700FEA46C /* ApplePie */,
			);
		};
/* End PBXProject section */

/* Begin PBXResourcesBuildPhase section */
		F096BE6629896F7700FEA46C /* Resources */ = {
			isa = PBXResourcesBuildPhase;
			buildActionMask = 2147483647;
			files = (
				F096BE7829896F7900FEA46C /* LaunchScreen.storyboard in Resources */,
				43235DB029FFB56F0047F14F /* EndStoryboard.storyboard in Resources */,
				F096BE7529896F7900FEA46C /* Assets.xcassets in Resources */,
				43235DAC29FF91E10047F14F /* HomeStoryboard.storyboard in Resources */,
				F096BE7329896F7700FEA46C /* Main.storyboard in Resources */,
			);
			runOnlyForDeploymentPostprocessing = 0;
		};
/* End PBXResourcesBuildPhase section */

/* Begin PBXSourcesBuildPhase section */
		F096BE6429896F7700FEA46C /* Sources */ = {
			isa = PBXSourcesBuildPhase;
			buildActionMask = 2147483647;
			files = (
				43235DB229FFB5D60047F14F /* EndViewController.swift in Sources */,
				43235DAE29FF97930047F14F /* HomeViewController.swift in Sources */,
				F096BE6C29896F7700FEA46C /* AppDelegate.swift in Sources */,
				F096BE6E29896F7700FEA46C /* SceneDelegate.swift in Sources */,
				F096BE8029898EAA00FEA46C /* AppleViewController.swift in Sources */,
				F096BE822989960700FEA46C /* Game.swift in Sources */,
			);
			runOnlyForDeploymentPostprocessing = 0;
		};
/* End PBXSourcesBuildPhase section */

/* Begin PBXVariantGroup section */
		F096BE7129896F7700FEA46C /* Main.storyboard */ = {
			isa = PBXVariantGroup;
			children = (
				F096BE7229896F7700FEA46C /* Base */,
			);
			name = Main.storyboard;
			sourceTree = "<group>";
		};
		F096BE7629896F7900FEA46C /* LaunchScreen.storyboard */ = {
			isa = PBXVariantGroup;
			children = (
				F096BE7729896F7900FEA46C /* Base */,
			);
			name = LaunchScreen.storyboard;
			sourceTree = "<group>";
		};
/* End PBXVariantGroup section */

/* Begin XCBuildConfiguration section */
		F096BE7A29896F7900FEA46C /* Debug */ = {
			isa = XCBuildConfiguration;
			buildSettings = {
				ALWAYS_SEARCH_USER_PATHS = NO;
				CLANG_ANALYZER_NONNULL = YES;
				CLANG_ANALYZER_NUMBER_OBJECT_CONVERSION = YES_AGGRESSIVE;
				CLANG_CXX_LANGUAGE_STANDARD = "gnu++20";
				CLANG_ENABLE_MODULES = YES;
				CLANG_ENABLE_OBJC_ARC = YES;
				CLANG_ENABLE_OBJC_WEAK = YES;
				CLANG_WARN_BLOCK_CAPTURE_AUTORELEASING = YES;
				CLANG_WARN_BOOL_CONVERSION = YES;
				CLANG_WARN_COMMA = YES;
				CLANG_WARN_CONSTANT_CONVERSION = YES;
				CLANG_WARN_DEPRECATED_OBJC_IMPLEMENTATIONS = YES;
				CLANG_WARN_DIRECT_OBJC_ISA_USAGE = YES_ERROR;
				CLANG_WARN_DOCUMENTATION_COMMENTS = YES;
				CLANG_WARN_EMPTY_BODY = YES;
				CLANG_WARN_ENUM_CONVERSION = YES;
				CLANG_WARN_INFINITE_RECURSION = YES;
				CLANG_WARN_INT_CONVERSION = YES;
				CLANG_WARN_NON_LITERAL_NULL_CONVERSION = YES;
				CLANG_WARN_OBJC_IMPLICIT_RETAIN_SELF = YES;
				CLANG_WARN_OBJC_LITERAL_CONVERSION = YES;
				CLANG_WARN_OBJC_ROOT_CLASS = YES_ERROR;
				CLANG_WARN_QUOTED_INCLUDE_IN_FRAMEWORK_HEADER = YES;
				CLANG_WARN_RANGE_LOOP_ANALYSIS = YES;
				CLANG_WARN_STRICT_PROTOTYPES = YES;
				CLANG_WARN_SUSPICIOUS_MOVE = YES;
				CLANG_WARN_UNGUARDED_AVAILABILITY = YES_AGGRESSIVE;
				CLANG_WARN_UNREACHABLE_CODE = YES;
				CLANG_WARN__DUPLICATE_METHOD_MATCH = YES;
				COPY_PHASE_STRIP = NO;
				DEBUG_INFORMATION_FORMAT = dwarf;
				ENABLE_STRICT_OBJC_MSGSEND = YES;
				ENABLE_TESTABILITY = YES;
				GCC_C_LANGUAGE_STANDARD = gnu11;
				GCC_DYNAMIC_NO_PIC = NO;
				GCC_NO_COMMON_BLOCKS = YES;
				GCC_OPTIMIZATION_LEVEL = 0;
				GCC_PREPROCESSOR_DEFINITIONS = (
					"DEBUG=1",
					"$(inherited)",
				);
				GCC_WARN_64_TO_32_BIT_CONVERSION = YES;
				GCC_WARN_ABOUT_RETURN_TYPE = YES_ERROR;
				GCC_WARN_UNDECLARED_SELECTOR = YES;
				GCC_WARN_UNINITIALIZED_AUTOS = YES_AGGRESSIVE;
				GCC_WARN_UNUSED_FUNCTION = YES;
				GCC_WARN_UNUSED_VARIABLE = YES;
				IPHONEOS_DEPLOYMENT_TARGET = 16.1;
				MTL_ENABLE_DEBUG_INFO = INCLUDE_SOURCE;
				MTL_FAST_MATH = YES;
				ONLY_ACTIVE_ARCH = YES;
				SDKROOT = iphoneos;
				SWIFT_ACTIVE_COMPILATION_CONDITIONS = DEBUG;
				SWIFT_OPTIMIZATION_LEVEL = "-Onone";
			};
			name = Debug;
		};
		F096BE7B29896F7900FEA46C /* Release */ = {
			isa = XCBuildConfiguration;
			buildSettings = {
				ALWAYS_SEARCH_USER_PATHS = NO;
				CLANG_ANALYZER_NONNULL = YES;
				CLANG_ANALYZER_NUMBER_OBJECT_CONVERSION = YES_AGGRESSIVE;
				CLANG_CXX_LANGUAGE_STANDARD = "gnu++20";
				CLANG_ENABLE_MODULES = YES;
				CLANG_ENABLE_OBJC_ARC = YES;
				CLANG_ENABLE_OBJC_WEAK = YES;
				CLANG_WARN_BLOCK_CAPTURE_AUTORELEASING = YES;
				CLANG_WARN_BOOL_CONVERSION = YES;
				CLANG_WARN_COMMA = YES;
				CLANG_WARN_CONSTANT_CONVERSION = YES;
				CLANG_WARN_DEPRECATED_OBJC_IMPLEMENTATIONS = YES;
				CLANG_WARN_DIRECT_OBJC_ISA_USAGE = YES_ERROR;
				CLANG_WARN_DOCUMENTATION_COMMENTS = YES;
				CLANG_WARN_EMPTY_BODY = YES;
				CLANG_WARN_ENUM_CONVERSION = YES;
				CLANG_WARN_INFINITE_RECURSION = YES;
				CLANG_WARN_INT_CONVERSION = YES;
				CLANG_WARN_NON_LITERAL_NULL_CONVERSION = YES;
				CLANG_WARN_OBJC_IMPLICIT_RETAIN_SELF = YES;
				CLANG_WARN_OBJC_LITERAL_CONVERSION = YES;
				CLANG_WARN_OBJC_ROOT_CLASS = YES_ERROR;
				CLANG_WARN_QUOTED_INCLUDE_IN_FRAMEWORK_HEADER = YES;
				CLANG_WARN_RANGE_LOOP_ANALYSIS = YES;
				CLANG_WARN_STRICT_PROTOTYPES = YES;
				CLANG_WARN_SUSPICIOUS_MOVE = YES;
				CLANG_WARN_UNGUARDED_AVAILABILITY = YES_AGGRESSIVE;
				CLANG_WARN_UNREACHABLE_CODE = YES;
				CLANG_WARN__DUPLICATE_METHOD_MATCH = YES;
				COPY_PHASE_STRIP = NO;
				DEBUG_INFORMATION_FORMAT = "dwarf-with-dsym";
				ENABLE_NS_ASSERTIONS = NO;
				ENABLE_STRICT_OBJC_MSGSEND = YES;
				GCC_C_LANGUAGE_STANDARD = gnu11;
				GCC_NO_COMMON_BLOCKS = YES;
				GCC_WARN_64_TO_32_BIT_CONVERSION = YES;
				GCC_WARN_ABOUT_RETURN_TYPE = YES_ERROR;
				GCC_WARN_UNDECLARED_SELECTOR = YES;
				GCC_WARN_UNINITIALIZED_AUTOS = YES_AGGRESSIVE;
				GCC_WARN_UNUSED_FUNCTION = YES;
				GCC_WARN_UNUSED_VARIABLE = YES;
				IPHONEOS_DEPLOYMENT_TARGET = 16.1;
				MTL_ENABLE_DEBUG_INFO = NO;
				MTL_FAST_MATH = YES;
				SDKROOT = iphoneos;
				SWIFT_COMPILATION_MODE = wholemodule;
				SWIFT_OPTIMIZATION_LEVEL = "-O";
				VALIDATE_PRODUCT = YES;
			};
			name = Release;
		};
		F096BE7D29896F7900FEA46C /* Debug */ = {
			isa = XCBuildConfiguration;
			buildSettings = {
				ASSETCATALOG_COMPILER_APPICON_NAME = AppIcon;
				ASSETCATALOG_COMPILER_GLOBAL_ACCENT_COLOR_NAME = AccentColor;
				CODE_SIGN_STYLE = Automatic;
				CURRENT_PROJECT_VERSION = 1;
				GENERATE_INFOPLIST_FILE = YES;
				INFOPLIST_FILE = ApplePie/Info.plist;
				INFOPLIST_KEY_UIApplicationSupportsIndirectInputEvents = YES;
				INFOPLIST_KEY_UILaunchStoryboardName = LaunchScreen;
				INFOPLIST_KEY_UIMainStoryboardFile = Main;
				INFOPLIST_KEY_UISupportedInterfaceOrientations = "UIInterfaceOrientationLandscapeLeft UIInterfaceOrientationLandscapeRight UIInterfaceOrientationPortrait";
				INFOPLIST_KEY_UISupportedInterfaceOrientations_iPad = "UIInterfaceOrientationLandscapeLeft UIInterfaceOrientationLandscapeRight";
				LD_RUNPATH_SEARCH_PATHS = (
					"$(inherited)",
					"@executable_path/Frameworks",
				);
				MARKETING_VERSION = 1.0;
				PRODUCT_BUNDLE_IDENTIFIER = rouin.ApplePie;
				PRODUCT_NAME = "$(TARGET_NAME)";
				SUPPORTED_PLATFORMS = "iphoneos iphonesimulator";
				SUPPORTS_MACCATALYST = NO;
				SUPPORTS_MAC_DESIGNED_FOR_IPHONE_IPAD = NO;
				SWIFT_EMIT_LOC_STRINGS = YES;
				SWIFT_VERSION = 5.0;
				TARGETED_DEVICE_FAMILY = 2;
			};
			name = Debug;
		};
		F096BE7E29896F7900FEA46C /* Release */ = {
			isa = XCBuildConfiguration;
			buildSettings = {
				ASSETCATALOG_COMPILER_APPICON_NAME = AppIcon;
				ASSETCATALOG_COMPILER_GLOBAL_ACCENT_COLOR_NAME = AccentColor;
				CODE_SIGN_STYLE = Automatic;
				CURRENT_PROJECT_VERSION = 1;
				GENERATE_INFOPLIST_FILE = YES;
				INFOPLIST_FILE = ApplePie/Info.plist;
				INFOPLIST_KEY_UIApplicationSupportsIndirectInputEvents = YES;
				INFOPLIST_KEY_UILaunchStoryboardName = LaunchScreen;
				INFOPLIST_KEY_UIMainStoryboardFile = Main;
				INFOPLIST_KEY_UISupportedInterfaceOrientations = "UIInterfaceOrientationLandscapeLeft UIInterfaceOrientationLandscapeRight UIInterfaceOrientationPortrait";
				INFOPLIST_KEY_UISupportedInterfaceOrientations_iPad = "UIInterfaceOrientationLandscapeLeft UIInterfaceOrientationLandscapeRight";
				LD_RUNPATH_SEARCH_PATHS = (
					"$(inherited)",
					"@executable_path/Frameworks",
				);
				MARKETING_VERSION = 1.0;
				PRODUCT_BUNDLE_IDENTIFIER = rouin.ApplePie;
				PRODUCT_NAME = "$(TARGET_NAME)";
				SUPPORTED_PLATFORMS = "iphoneos iphonesimulator";
				SUPPORTS_MACCATALYST = NO;
				SUPPORTS_MAC_DESIGNED_FOR_IPHONE_IPAD = NO;
				SWIFT_EMIT_LOC_STRINGS = YES;
				SWIFT_VERSION = 5.0;
				TARGETED_DEVICE_FAMILY = 2;
			};
			name = Release;
		};
/* End XCBuildConfiguration section */

/* Begin XCConfigurationList section */
		F096BE6329896F7700FEA46C /* Build configuration list for PBXProject "ApplePie" */ = {
			isa = XCConfigurationList;
			buildConfigurations = (
				F096BE7A29896F7900FEA46C /* Debug */,
				F096BE7B29896F7900FEA46C /* Release */,
			);
			defaultConfigurationIsVisible = 0;
			defaultConfigurationName = Release;
		};
		F096BE7C29896F7900FEA46C /* Build configuration list for PBXNativeTarget "ApplePie" */ = {
			isa = XCConfigurationList;
			buildConfigurations = (
				F096BE7D29896F7900FEA46C /* Debug */,
				F096BE7E29896F7900FEA46C /* Release */,
			);
			defaultConfigurationIsVisible = 0;
			defaultConfigurationName = Release;
		};
/* End XCConfigurationList section */
	};
	rootObject = F096BE6029896F7700FEA46C /* Project object */;
}
